// !$*UTF8*$!
{
	archiveVersion = 1;
	classes = {
	};
	objectVersion = 51;
	objects = {

/* Begin PBXBuildFile section */
		28D00E27E8AC7ED80D0ECF1A /* Pods_SenLink.framework in Frameworks */ = {isa = PBXBuildFile; fileRef = 29EC02C804C64A9432FD8E7E /* Pods_SenLink.framework */; };
		C03E569A244F4E210059E4B5 /* AppDelegate.swift in Sources */ = {isa = PBXBuildFile; fileRef = C03E5699244F4E210059E4B5 /* AppDelegate.swift */; };
		C03E569C244F4E210059E4B5 /* SceneDelegate.swift in Sources */ = {isa = PBXBuildFile; fileRef = C03E569B244F4E210059E4B5 /* SceneDelegate.swift */; };
		C03E56A1244F4E210059E4B5 /* Main.storyboard in Resources */ = {isa = PBXBuildFile; fileRef = C03E569F244F4E210059E4B5 /* Main.storyboard */; };
		C03E56A3244F4E240059E4B5 /* Assets.xcassets in Resources */ = {isa = PBXBuildFile; fileRef = C03E56A2244F4E240059E4B5 /* Assets.xcassets */; };
		C03E56A6244F4E240059E4B5 /* LaunchScreen.storyboard in Resources */ = {isa = PBXBuildFile; fileRef = C03E56A4244F4E240059E4B5 /* LaunchScreen.storyboard */; };
		C03E56B0244F548B0059E4B5 /* NotificationVC.swift in Sources */ = {isa = PBXBuildFile; fileRef = C03E56AF244F548B0059E4B5 /* NotificationVC.swift */; };
		C03E56B2244F54A10059E4B5 /* MessageVC.swift in Sources */ = {isa = PBXBuildFile; fileRef = C03E56B1244F54A10059E4B5 /* MessageVC.swift */; };
		C03E56B4244F54CB0059E4B5 /* SearchVC.swift in Sources */ = {isa = PBXBuildFile; fileRef = C03E56B3244F54CB0059E4B5 /* SearchVC.swift */; };
		C03E56B7244F56E20059E4B5 /* HomeViewController.swift in Sources */ = {isa = PBXBuildFile; fileRef = C03E56B6244F56E20059E4B5 /* HomeViewController.swift */; };
		C03E56B9244F579F0059E4B5 /* Constants.swift in Sources */ = {isa = PBXBuildFile; fileRef = C03E56B8244F579F0059E4B5 /* Constants.swift */; };
		C03E56BC244F60700059E4B5 /* LoginVC.swift in Sources */ = {isa = PBXBuildFile; fileRef = C03E56BB244F60700059E4B5 /* LoginVC.swift */; };
		C03E56BE244F60870059E4B5 /* SignupVC.swift in Sources */ = {isa = PBXBuildFile; fileRef = C03E56BD244F60870059E4B5 /* SignupVC.swift */; };
		C03E56C2244F7E820059E4B5 /* mainVC.swift in Sources */ = {isa = PBXBuildFile; fileRef = C03E56C1244F7E820059E4B5 /* mainVC.swift */; };
		C03E56C4244F81790059E4B5 /* GoogleService-Info.plist in Resources */ = {isa = PBXBuildFile; fileRef = C03E56C3244F81790059E4B5 /* GoogleService-Info.plist */; };
		C03E56C7244F89B10059E4B5 /* Style.swift in Sources */ = {isa = PBXBuildFile; fileRef = C03E56C6244F89B10059E4B5 /* Style.swift */; };
		C03E56CA2450AC590059E4B5 /* MenuHomeTableViewController.swift in Sources */ = {isa = PBXBuildFile; fileRef = C03E56C92450AC590059E4B5 /* MenuHomeTableViewController.swift */; };
		C03E56CC2450D6E70059E4B5 /* MenuTransitioner.swift in Sources */ = {isa = PBXBuildFile; fileRef = C03E56CB2450D6E70059E4B5 /* MenuTransitioner.swift */; };
		C03E56D12451FF810059E4B5 /* ProfileVC.swift in Sources */ = {isa = PBXBuildFile; fileRef = C03E56D02451FF810059E4B5 /* ProfileVC.swift */; };
		C03E56D32451FF970059E4B5 /* SettingVC.swift in Sources */ = {isa = PBXBuildFile; fileRef = C03E56D22451FF970059E4B5 /* SettingVC.swift */; };
		C03E56D52451FFB00059E4B5 /* GroupsVC.swift in Sources */ = {isa = PBXBuildFile; fileRef = C03E56D42451FFB00059E4B5 /* GroupsVC.swift */; };
		C03E56E124534AC20059E4B5 /* Post.swift in Sources */ = {isa = PBXBuildFile; fileRef = C03E56E024534AC20059E4B5 /* Post.swift */; };
		C03E56E424537F530059E4B5 /* NewPostVC.swift in Sources */ = {isa = PBXBuildFile; fileRef = C03E56E324537F530059E4B5 /* NewPostVC.swift */; };
		C041704C24573BBC00C41046 /* HomePostCellsTableViewCell.swift in Sources */ = {isa = PBXBuildFile; fileRef = C041704B24573BBC00C41046 /* HomePostCellsTableViewCell.swift */; };
		C041704E2458857C00C41046 /* to-do in Resources */ = {isa = PBXBuildFile; fileRef = C041704D2458857C00C41046 /* to-do */; };
		C04170502458ED0F00C41046 /* DirectMessageCell.swift in Sources */ = {isa = PBXBuildFile; fileRef = C041704F2458ED0F00C41046 /* DirectMessageCell.swift */; };
		C0BB982624608B74005FF444 /* DirectMessage.swift in Sources */ = {isa = PBXBuildFile; fileRef = C0BB982524608B74005FF444 /* DirectMessage.swift */; };
/* End PBXBuildFile section */

/* Begin PBXFileReference section */
		29EC02C804C64A9432FD8E7E /* Pods_SenLink.framework */ = {isa = PBXFileReference; explicitFileType = wrapper.framework; includeInIndex = 0; path = Pods_SenLink.framework; sourceTree = BUILT_PRODUCTS_DIR; };
		686DFA7ADB8687BF8F2F3CEA /* Pods-SenLink.debug.xcconfig */ = {isa = PBXFileReference; includeInIndex = 1; lastKnownFileType = text.xcconfig; name = "Pods-SenLink.debug.xcconfig"; path = "Target Support Files/Pods-SenLink/Pods-SenLink.debug.xcconfig"; sourceTree = "<group>"; };
		73F916DD051EBC1DAA9B91E4 /* Pods-SenLink.release.xcconfig */ = {isa = PBXFileReference; includeInIndex = 1; lastKnownFileType = text.xcconfig; name = "Pods-SenLink.release.xcconfig"; path = "Target Support Files/Pods-SenLink/Pods-SenLink.release.xcconfig"; sourceTree = "<group>"; };
		C03E5696244F4E210059E4B5 /* SenLink.app */ = {isa = PBXFileReference; explicitFileType = wrapper.application; includeInIndex = 0; path = SenLink.app; sourceTree = BUILT_PRODUCTS_DIR; };
		C03E5699244F4E210059E4B5 /* AppDelegate.swift */ = {isa = PBXFileReference; lastKnownFileType = sourcecode.swift; path = AppDelegate.swift; sourceTree = "<group>"; };
		C03E569B244F4E210059E4B5 /* SceneDelegate.swift */ = {isa = PBXFileReference; lastKnownFileType = sourcecode.swift; path = SceneDelegate.swift; sourceTree = "<group>"; };
		C03E56A0244F4E210059E4B5 /* Base */ = {isa = PBXFileReference; lastKnownFileType = file.storyboard; name = Base; path = Base.lproj/Main.storyboard; sourceTree = "<group>"; };
		C03E56A2244F4E240059E4B5 /* Assets.xcassets */ = {isa = PBXFileReference; lastKnownFileType = folder.assetcatalog; path = Assets.xcassets; sourceTree = "<group>"; };
		C03E56A5244F4E240059E4B5 /* Base */ = {isa = PBXFileReference; lastKnownFileType = file.storyboard; name = Base; path = Base.lproj/LaunchScreen.storyboard; sourceTree = "<group>"; };
		C03E56A7244F4E240059E4B5 /* Info.plist */ = {isa = PBXFileReference; lastKnownFileType = text.plist.xml; path = Info.plist; sourceTree = "<group>"; };
		C03E56AF244F548B0059E4B5 /* NotificationVC.swift */ = {isa = PBXFileReference; lastKnownFileType = sourcecode.swift; path = NotificationVC.swift; sourceTree = "<group>"; };
		C03E56B1244F54A10059E4B5 /* MessageVC.swift */ = {isa = PBXFileReference; lastKnownFileType = sourcecode.swift; path = MessageVC.swift; sourceTree = "<group>"; };
		C03E56B3244F54CB0059E4B5 /* SearchVC.swift */ = {isa = PBXFileReference; lastKnownFileType = sourcecode.swift; path = SearchVC.swift; sourceTree = "<group>"; };
		C03E56B6244F56E20059E4B5 /* HomeViewController.swift */ = {isa = PBXFileReference; lastKnownFileType = sourcecode.swift; path = HomeViewController.swift; sourceTree = "<group>"; };
		C03E56B8244F579F0059E4B5 /* Constants.swift */ = {isa = PBXFileReference; lastKnownFileType = sourcecode.swift; path = Constants.swift; sourceTree = "<group>"; };
		C03E56BB244F60700059E4B5 /* LoginVC.swift */ = {isa = PBXFileReference; lastKnownFileType = sourcecode.swift; path = LoginVC.swift; sourceTree = "<group>"; };
		C03E56BD244F60870059E4B5 /* SignupVC.swift */ = {isa = PBXFileReference; lastKnownFileType = sourcecode.swift; path = SignupVC.swift; sourceTree = "<group>"; };
		C03E56C1244F7E820059E4B5 /* mainVC.swift */ = {isa = PBXFileReference; lastKnownFileType = sourcecode.swift; path = mainVC.swift; sourceTree = "<group>"; };
		C03E56C3244F81790059E4B5 /* GoogleService-Info.plist */ = {isa = PBXFileReference; fileEncoding = 4; lastKnownFileType = text.plist.xml; path = "GoogleService-Info.plist"; sourceTree = "<group>"; };
		C03E56C6244F89B10059E4B5 /* Style.swift */ = {isa = PBXFileReference; lastKnownFileType = sourcecode.swift; path = Style.swift; sourceTree = "<group>"; };
		C03E56C92450AC590059E4B5 /* MenuHomeTableViewController.swift */ = {isa = PBXFileReference; lastKnownFileType = sourcecode.swift; path = MenuHomeTableViewController.swift; sourceTree = "<group>"; };
		C03E56CB2450D6E70059E4B5 /* MenuTransitioner.swift */ = {isa = PBXFileReference; lastKnownFileType = sourcecode.swift; path = MenuTransitioner.swift; sourceTree = "<group>"; };
		C03E56D02451FF810059E4B5 /* ProfileVC.swift */ = {isa = PBXFileReference; lastKnownFileType = sourcecode.swift; path = ProfileVC.swift; sourceTree = "<group>"; };
		C03E56D22451FF970059E4B5 /* SettingVC.swift */ = {isa = PBXFileReference; lastKnownFileType = sourcecode.swift; path = SettingVC.swift; sourceTree = "<group>"; };
		C03E56D42451FFB00059E4B5 /* GroupsVC.swift */ = {isa = PBXFileReference; lastKnownFileType = sourcecode.swift; path = GroupsVC.swift; sourceTree = "<group>"; };
		C03E56E024534AC20059E4B5 /* Post.swift */ = {isa = PBXFileReference; lastKnownFileType = sourcecode.swift; path = Post.swift; sourceTree = "<group>"; };
		C03E56E324537F530059E4B5 /* NewPostVC.swift */ = {isa = PBXFileReference; lastKnownFileType = sourcecode.swift; path = NewPostVC.swift; sourceTree = "<group>"; };
		C041704B24573BBC00C41046 /* HomePostCellsTableViewCell.swift */ = {isa = PBXFileReference; lastKnownFileType = sourcecode.swift; path = HomePostCellsTableViewCell.swift; sourceTree = "<group>"; };
		C041704D2458857C00C41046 /* to-do */ = {isa = PBXFileReference; lastKnownFileType = text; path = "to-do"; sourceTree = "<group>"; };
		C041704F2458ED0F00C41046 /* DirectMessageCell.swift */ = {isa = PBXFileReference; lastKnownFileType = sourcecode.swift; path = DirectMessageCell.swift; sourceTree = "<group>"; };
		C0BB982524608B74005FF444 /* DirectMessage.swift */ = {isa = PBXFileReference; lastKnownFileType = sourcecode.swift; path = DirectMessage.swift; sourceTree = "<group>"; };
/* End PBXFileReference section */

/* Begin PBXFrameworksBuildPhase section */
		C03E5693244F4E210059E4B5 /* Frameworks */ = {
			isa = PBXFrameworksBuildPhase;
			buildActionMask = 2147483647;
			files = (
				28D00E27E8AC7ED80D0ECF1A /* Pods_SenLink.framework in Frameworks */,
			);
			runOnlyForDeploymentPostprocessing = 0;
		};
/* End PBXFrameworksBuildPhase section */

/* Begin PBXGroup section */
		1BD62D08D0A55B804BEB33C6 /* Pods */ = {
			isa = PBXGroup;
			children = (
				686DFA7ADB8687BF8F2F3CEA /* Pods-SenLink.debug.xcconfig */,
				73F916DD051EBC1DAA9B91E4 /* Pods-SenLink.release.xcconfig */,
			);
			path = Pods;
			sourceTree = "<group>";
		};
		B18006CFAE7D7AB476B42FB0 /* Frameworks */ = {
			isa = PBXGroup;
			children = (
				29EC02C804C64A9432FD8E7E /* Pods_SenLink.framework */,
			);
			name = Frameworks;
			sourceTree = "<group>";
		};
		C03E568D244F4E210059E4B5 = {
			isa = PBXGroup;
			children = (
				C03E5698244F4E210059E4B5 /* SenLink */,
				C03E5697244F4E210059E4B5 /* Products */,
				1BD62D08D0A55B804BEB33C6 /* Pods */,
				B18006CFAE7D7AB476B42FB0 /* Frameworks */,
			);
			sourceTree = "<group>";
		};
		C03E5697244F4E210059E4B5 /* Products */ = {
			isa = PBXGroup;
			children = (
				C03E5696244F4E210059E4B5 /* SenLink.app */,
			);
			name = Products;
			sourceTree = "<group>";
		};
		C03E5698244F4E210059E4B5 /* SenLink */ = {
			isa = PBXGroup;
			children = (
				C03E5699244F4E210059E4B5 /* AppDelegate.swift */,
				C03E569B244F4E210059E4B5 /* SceneDelegate.swift */,
				C03E56BA244F57A50059E4B5 /* Model */,
				C03E569F244F4E210059E4B5 /* Main.storyboard */,
				C03E56E224534E5A0059E4B5 /* Views */,
				C03E56B5244F54DA0059E4B5 /* Controllers */,
				C03E56A2244F4E240059E4B5 /* Assets.xcassets */,
				C03E56A4244F4E240059E4B5 /* LaunchScreen.storyboard */,
				C03E56A7244F4E240059E4B5 /* Info.plist */,
				C03E56C3244F81790059E4B5 /* GoogleService-Info.plist */,
			);
			path = SenLink;
			sourceTree = "<group>";
		};
		C03E56B5244F54DA0059E4B5 /* Controllers */ = {
			isa = PBXGroup;
			children = (
				C03E56BB244F60700059E4B5 /* LoginVC.swift */,
				C03E56BD244F60870059E4B5 /* SignupVC.swift */,
				C03E56C1244F7E820059E4B5 /* mainVC.swift */,
				C03E56B6244F56E20059E4B5 /* HomeViewController.swift */,
				C03E56CB2450D6E70059E4B5 /* MenuTransitioner.swift */,
				C03E56C92450AC590059E4B5 /* MenuHomeTableViewController.swift */,
				C03E56B3244F54CB0059E4B5 /* SearchVC.swift */,
				C03E56AF244F548B0059E4B5 /* NotificationVC.swift */,
				C03E56B1244F54A10059E4B5 /* MessageVC.swift */,
				C03E56D42451FFB00059E4B5 /* GroupsVC.swift */,
				C03E56D22451FF970059E4B5 /* SettingVC.swift */,
				C03E56D02451FF810059E4B5 /* ProfileVC.swift */,
				C03E56E324537F530059E4B5 /* NewPostVC.swift */,
			);
			path = Controllers;
			sourceTree = "<group>";
		};
		C03E56BA244F57A50059E4B5 /* Model */ = {
			isa = PBXGroup;
			children = (
				C03E56B8244F579F0059E4B5 /* Constants.swift */,
				C03E56C6244F89B10059E4B5 /* Style.swift */,
				C03E56E024534AC20059E4B5 /* Post.swift */,
				C0BB982524608B74005FF444 /* DirectMessage.swift */,
				C041704D2458857C00C41046 /* to-do */,
			);
			path = Model;
			sourceTree = "<group>";
		};
		C03E56E224534E5A0059E4B5 /* Views */ = {
			isa = PBXGroup;
			children = (
				C041704B24573BBC00C41046 /* HomePostCellsTableViewCell.swift */,
				C041704F2458ED0F00C41046 /* DirectMessageCell.swift */,
			);
			path = Views;
			sourceTree = "<group>";
		};
/* End PBXGroup section */

/* Begin PBXNativeTarget section */
		C03E5695244F4E210059E4B5 /* SenLink */ = {
			isa = PBXNativeTarget;
			buildConfigurationList = C03E56AA244F4E240059E4B5 /* Build configuration list for PBXNativeTarget "SenLink" */;
			buildPhases = (
				C77CB46A569F4C61C3144DC7 /* [CP] Check Pods Manifest.lock */,
				C03E5692244F4E210059E4B5 /* Sources */,
				C03E5693244F4E210059E4B5 /* Frameworks */,
				C03E5694244F4E210059E4B5 /* Resources */,
				5EDA1AD8CFF7CEFBA48ACE39 /* [CP] Embed Pods Frameworks */,
			);
			buildRules = (
			);
			dependencies = (
			);
			name = SenLink;
			productName = SenLink;
			productReference = C03E5696244F4E210059E4B5 /* SenLink.app */;
			productType = "com.apple.product-type.application";
		};
/* End PBXNativeTarget section */

/* Begin PBXProject section */
		C03E568E244F4E210059E4B5 /* Project object */ = {
			isa = PBXProject;
			attributes = {
				LastSwiftUpdateCheck = 1140;
				LastUpgradeCheck = 1140;
				ORGANIZATIONNAME = "Abdul Diallo";
				TargetAttributes = {
					C03E5695244F4E210059E4B5 = {
						CreatedOnToolsVersion = 11.4.1;
					};
				};
			};
			buildConfigurationList = C03E5691244F4E210059E4B5 /* Build configuration list for PBXProject "SenLink" */;
			compatibilityVersion = "Xcode 9.3";
			developmentRegion = en;
			hasScannedForEncodings = 0;
			knownRegions = (
				en,
				Base,
			);
			mainGroup = C03E568D244F4E210059E4B5;
			productRefGroup = C03E5697244F4E210059E4B5 /* Products */;
			projectDirPath = "";
			projectRoot = "";
			targets = (
				C03E5695244F4E210059E4B5 /* SenLink */,
			);
		};
/* End PBXProject section */

/* Begin PBXResourcesBuildPhase section */
		C03E5694244F4E210059E4B5 /* Resources */ = {
			isa = PBXResourcesBuildPhase;
			buildActionMask = 2147483647;
			files = (
				C041704E2458857C00C41046 /* to-do in Resources */,
				C03E56A6244F4E240059E4B5 /* LaunchScreen.storyboard in Resources */,
				C03E56C4244F81790059E4B5 /* GoogleService-Info.plist in Resources */,
				C03E56A3244F4E240059E4B5 /* Assets.xcassets in Resources */,
				C03E56A1244F4E210059E4B5 /* Main.storyboard in Resources */,
			);
			runOnlyForDeploymentPostprocessing = 0;
		};
/* End PBXResourcesBuildPhase section */

/* Begin PBXShellScriptBuildPhase section */
		5EDA1AD8CFF7CEFBA48ACE39 /* [CP] Embed Pods Frameworks */ = {
			isa = PBXShellScriptBuildPhase;
			buildActionMask = 2147483647;
			files = (
			);
			inputFileListPaths = (
				"${PODS_ROOT}/Target Support Files/Pods-SenLink/Pods-SenLink-frameworks-${CONFIGURATION}-input-files.xcfilelist",
			);
			name = "[CP] Embed Pods Frameworks";
			outputFileListPaths = (
				"${PODS_ROOT}/Target Support Files/Pods-SenLink/Pods-SenLink-frameworks-${CONFIGURATION}-output-files.xcfilelist",
			);
			runOnlyForDeploymentPostprocessing = 0;
			shellPath = /bin/sh;
			shellScript = "\"${PODS_ROOT}/Target Support Files/Pods-SenLink/Pods-SenLink-frameworks.sh\"\n";
			showEnvVarsInLog = 0;
		};
		C77CB46A569F4C61C3144DC7 /* [CP] Check Pods Manifest.lock */ = {
			isa = PBXShellScriptBuildPhase;
			buildActionMask = 2147483647;
			files = (
			);
			inputFileListPaths = (
			);
			inputPaths = (
				"${PODS_PODFILE_DIR_PATH}/Podfile.lock",
				"${PODS_ROOT}/Manifest.lock",
			);
			name = "[CP] Check Pods Manifest.lock";
			outputFileListPaths = (
			);
			outputPaths = (
				"$(DERIVED_FILE_DIR)/Pods-SenLink-checkManifestLockResult.txt",
			);
			runOnlyForDeploymentPostprocessing = 0;
			shellPath = /bin/sh;
			shellScript = "diff \"${PODS_PODFILE_DIR_PATH}/Podfile.lock\" \"${PODS_ROOT}/Manifest.lock\" > /dev/null\nif [ $? != 0 ] ; then\n    # print error to STDERR\n    echo \"error: The sandbox is not in sync with the Podfile.lock. Run 'pod install' or update your CocoaPods installation.\" >&2\n    exit 1\nfi\n# This output is used by Xcode 'outputs' to avoid re-running this script phase.\necho \"SUCCESS\" > \"${SCRIPT_OUTPUT_FILE_0}\"\n";
			showEnvVarsInLog = 0;
		};
/* End PBXShellScriptBuildPhase section */

/* Begin PBXSourcesBuildPhase section */
		C03E5692244F4E210059E4B5 /* Sources */ = {
			isa = PBXSourcesBuildPhase;
			buildActionMask = 2147483647;
			files = (
				C03E56B4244F54CB0059E4B5 /* SearchVC.swift in Sources */,
				C03E56E424537F530059E4B5 /* NewPostVC.swift in Sources */,
				C04170502458ED0F00C41046 /* DirectMessageCell.swift in Sources */,
				C03E56B2244F54A10059E4B5 /* MessageVC.swift in Sources */,
				C03E56D52451FFB00059E4B5 /* GroupsVC.swift in Sources */,
				C03E56D12451FF810059E4B5 /* ProfileVC.swift in Sources */,
				C0BB982624608B74005FF444 /* DirectMessage.swift in Sources */,
				C03E56BC244F60700059E4B5 /* LoginVC.swift in Sources */,
				C03E56BE244F60870059E4B5 /* SignupVC.swift in Sources */,
				C03E569A244F4E210059E4B5 /* AppDelegate.swift in Sources */,
				C03E56CC2450D6E70059E4B5 /* MenuTransitioner.swift in Sources */,
				C03E56D32451FF970059E4B5 /* SettingVC.swift in Sources */,
				C03E569C244F4E210059E4B5 /* SceneDelegate.swift in Sources */,
				C03E56B9244F579F0059E4B5 /* Constants.swift in Sources */,
				C03E56C2244F7E820059E4B5 /* mainVC.swift in Sources */,
				C03E56B0244F548B0059E4B5 /* NotificationVC.swift in Sources */,
				C041704C24573BBC00C41046 /* HomePostCellsTableViewCell.swift in Sources */,
				C03E56B7244F56E20059E4B5 /* HomeViewController.swift in Sources */,
				C03E56C7244F89B10059E4B5 /* Style.swift in Sources */,
				C03E56E124534AC20059E4B5 /* Post.swift in Sources */,
				C03E56CA2450AC590059E4B5 /* MenuHomeTableViewController.swift in Sources */,
			);
			runOnlyForDeploymentPostprocessing = 0;
		};
/* End PBXSourcesBuildPhase section */

/* Begin PBXVariantGroup section */
		C03E569F244F4E210059E4B5 /* Main.storyboard */ = {
			isa = PBXVariantGroup;
			children = (
				C03E56A0244F4E210059E4B5 /* Base */,
			);
			name = Main.storyboard;
			sourceTree = "<group>";
		};
		C03E56A4244F4E240059E4B5 /* LaunchScreen.storyboard */ = {
			isa = PBXVariantGroup;
			children = (
				C03E56A5244F4E240059E4B5 /* Base */,
			);
			name = LaunchScreen.storyboard;
			sourceTree = "<group>";
		};
/* End PBXVariantGroup section */

/* Begin XCBuildConfiguration section */
		C03E56A8244F4E240059E4B5 /* Debug */ = {
			isa = XCBuildConfiguration;
			buildSettings = {
				ALWAYS_SEARCH_USER_PATHS = NO;
				CLANG_ANALYZER_NONNULL = YES;
				CLANG_ANALYZER_NUMBER_OBJECT_CONVERSION = YES_AGGRESSIVE;
				CLANG_CXX_LANGUAGE_STANDARD = "gnu++14";
				CLANG_CXX_LIBRARY = "libc++";
				CLANG_ENABLE_MODULES = YES;
				CLANG_ENABLE_OBJC_ARC = YES;
				CLANG_ENABLE_OBJC_WEAK = YES;
				CLANG_WARN_BLOCK_CAPTURE_AUTORELEASING = YES;
				CLANG_WARN_BOOL_CONVERSION = YES;
				CLANG_WARN_COMMA = YES;
				CLANG_WARN_CONSTANT_CONVERSION = YES;
				CLANG_WARN_DEPRECATED_OBJC_IMPLEMENTATIONS = YES;
				CLANG_WARN_DIRECT_OBJC_ISA_USAGE = YES_ERROR;
				CLANG_WARN_DOCUMENTATION_COMMENTS = YES;
				CLANG_WARN_EMPTY_BODY = YES;
				CLANG_WARN_ENUM_CONVERSION = YES;
				CLANG_WARN_INFINITE_RECURSION = YES;
				CLANG_WARN_INT_CONVERSION = YES;
				CLANG_WARN_NON_LITERAL_NULL_CONVERSION = YES;
				CLANG_WARN_OBJC_IMPLICIT_RETAIN_SELF = YES;
				CLANG_WARN_OBJC_LITERAL_CONVERSION = YES;
				CLANG_WARN_OBJC_ROOT_CLASS = YES_ERROR;
				CLANG_WARN_RANGE_LOOP_ANALYSIS = YES;
				CLANG_WARN_STRICT_PROTOTYPES = YES;
				CLANG_WARN_SUSPICIOUS_MOVE = YES;
				CLANG_WARN_UNGUARDED_AVAILABILITY = YES_AGGRESSIVE;
				CLANG_WARN_UNREACHABLE_CODE = YES;
				CLANG_WARN__DUPLICATE_METHOD_MATCH = YES;
				COPY_PHASE_STRIP = NO;
				DEBUG_INFORMATION_FORMAT = dwarf;
				ENABLE_STRICT_OBJC_MSGSEND = YES;
				ENABLE_TESTABILITY = YES;
				GCC_C_LANGUAGE_STANDARD = gnu11;
				GCC_DYNAMIC_NO_PIC = NO;
				GCC_NO_COMMON_BLOCKS = YES;
				GCC_OPTIMIZATION_LEVEL = 0;
				GCC_PREPROCESSOR_DEFINITIONS = (
					"DEBUG=1",
					"$(inherited)",
				);
				GCC_WARN_64_TO_32_BIT_CONVERSION = YES;
				GCC_WARN_ABOUT_RETURN_TYPE = YES_ERROR;
				GCC_WARN_UNDECLARED_SELECTOR = YES;
				GCC_WARN_UNINITIALIZED_AUTOS = YES_AGGRESSIVE;
				GCC_WARN_UNUSED_FUNCTION = YES;
				GCC_WARN_UNUSED_VARIABLE = YES;
				IPHONEOS_DEPLOYMENT_TARGET = 13.4;
				MTL_ENABLE_DEBUG_INFO = INCLUDE_SOURCE;
				MTL_FAST_MATH = YES;
				ONLY_ACTIVE_ARCH = YES;
				SDKROOT = iphoneos;
				SWIFT_ACTIVE_COMPILATION_CONDITIONS = DEBUG;
				SWIFT_OPTIMIZATION_LEVEL = "-Onone";
			};
			name = Debug;
		};
		C03E56A9244F4E240059E4B5 /* Release */ = {
			isa = XCBuildConfiguration;
			buildSettings = {
				ALWAYS_SEARCH_USER_PATHS = NO;
				CLANG_ANALYZER_NONNULL = YES;
				CLANG_ANALYZER_NUMBER_OBJECT_CONVERSION = YES_AGGRESSIVE;
				CLANG_CXX_LANGUAGE_STANDARD = "gnu++14";
				CLANG_CXX_LIBRARY = "libc++";
				CLANG_ENABLE_MODULES = YES;
				CLANG_ENABLE_OBJC_ARC = YES;
				CLANG_ENABLE_OBJC_WEAK = YES;
				CLANG_WARN_BLOCK_CAPTURE_AUTORELEASING = YES;
				CLANG_WARN_BOOL_CONVERSION = YES;
				CLANG_WARN_COMMA = YES;
				CLANG_WARN_CONSTANT_CONVERSION = YES;
				CLANG_WARN_DEPRECATED_OBJC_IMPLEMENTATIONS = YES;
				CLANG_WARN_DIRECT_OBJC_ISA_USAGE = YES_ERROR;
				CLANG_WARN_DOCUMENTATION_COMMENTS = YES;
				CLANG_WARN_EMPTY_BODY = YES;
				CLANG_WARN_ENUM_CONVERSION = YES;
				CLANG_WARN_INFINITE_RECURSION = YES;
				CLANG_WARN_INT_CONVERSION = YES;
				CLANG_WARN_NON_LITERAL_NULL_CONVERSION = YES;
				CLANG_WARN_OBJC_IMPLICIT_RETAIN_SELF = YES;
				CLANG_WARN_OBJC_LITERAL_CONVERSION = YES;
				CLANG_WARN_OBJC_ROOT_CLASS = YES_ERROR;
				CLANG_WARN_RANGE_LOOP_ANALYSIS = YES;
				CLANG_WARN_STRICT_PROTOTYPES = YES;
				CLANG_WARN_SUSPICIOUS_MOVE = YES;
				CLANG_WARN_UNGUARDED_AVAILABILITY = YES_AGGRESSIVE;
				CLANG_WARN_UNREACHABLE_CODE = YES;
				CLANG_WARN__DUPLICATE_METHOD_MATCH = YES;
				COPY_PHASE_STRIP = NO;
				DEBUG_INFORMATION_FORMAT = "dwarf-with-dsym";
				ENABLE_NS_ASSERTIONS = NO;
				ENABLE_STRICT_OBJC_MSGSEND = YES;
				GCC_C_LANGUAGE_STANDARD = gnu11;
				GCC_NO_COMMON_BLOCKS = YES;
				GCC_WARN_64_TO_32_BIT_CONVERSION = YES;
				GCC_WARN_ABOUT_RETURN_TYPE = YES_ERROR;
				GCC_WARN_UNDECLARED_SELECTOR = YES;
				GCC_WARN_UNINITIALIZED_AUTOS = YES_AGGRESSIVE;
				GCC_WARN_UNUSED_FUNCTION = YES;
				GCC_WARN_UNUSED_VARIABLE = YES;
				IPHONEOS_DEPLOYMENT_TARGET = 13.4;
				MTL_ENABLE_DEBUG_INFO = NO;
				MTL_FAST_MATH = YES;
				SDKROOT = iphoneos;
				SWIFT_COMPILATION_MODE = wholemodule;
				SWIFT_OPTIMIZATION_LEVEL = "-O";
				VALIDATE_PRODUCT = YES;
			};
			name = Release;
		};
		C03E56AB244F4E240059E4B5 /* Debug */ = {
			isa = XCBuildConfiguration;
			baseConfigurationReference = 686DFA7ADB8687BF8F2F3CEA /* Pods-SenLink.debug.xcconfig */;
			buildSettings = {
				ASSETCATALOG_COMPILER_APPICON_NAME = AppIcon;
				CODE_SIGN_STYLE = Automatic;
				DEVELOPMENT_TEAM = ZNY957A2G6;
				INFOPLIST_FILE = SenLink/Info.plist;
				IPHONEOS_DEPLOYMENT_TARGET = 13.0;
				LD_RUNPATH_SEARCH_PATHS = (
					"$(inherited)",
					"@executable_path/Frameworks",
				);
				PRODUCT_BUNDLE_IDENTIFIER = abdulCo.SenLink;
				PRODUCT_NAME = "$(TARGET_NAME)";
				SWIFT_VERSION = 5.0;
				TARGETED_DEVICE_FAMILY = "1,2";
			};
			name = Debug;
		};
		C03E56AC244F4E240059E4B5 /* Release */ = {
			isa = XCBuildConfiguration;
			baseConfigurationReference = 73F916DD051EBC1DAA9B91E4 /* Pods-SenLink.release.xcconfig */;
			buildSettings = {
				ASSETCATALOG_COMPILER_APPICON_NAME = AppIcon;
				CODE_SIGN_STYLE = Automatic;
				DEVELOPMENT_TEAM = ZNY957A2G6;
				INFOPLIST_FILE = SenLink/Info.plist;
				IPHONEOS_DEPLOYMENT_TARGET = 13.0;
				LD_RUNPATH_SEARCH_PATHS = (
					"$(inherited)",
					"@executable_path/Frameworks",
				);
				PRODUCT_BUNDLE_IDENTIFIER = abdulCo.SenLink;
				PRODUCT_NAME = "$(TARGET_NAME)";
				SWIFT_VERSION = 5.0;
				TARGETED_DEVICE_FAMILY = "1,2";
			};
			name = Release;
		};
/* End XCBuildConfiguration section */

/* Begin XCConfigurationList section */
		C03E5691244F4E210059E4B5 /* Build configuration list for PBXProject "SenLink" */ = {
			isa = XCConfigurationList;
			buildConfigurations = (
				C03E56A8244F4E240059E4B5 /* Debug */,
				C03E56A9244F4E240059E4B5 /* Release */,
			);
			defaultConfigurationIsVisible = 0;
			defaultConfigurationName = Release;
		};
		C03E56AA244F4E240059E4B5 /* Build configuration list for PBXNativeTarget "SenLink" */ = {
			isa = XCConfigurationList;
			buildConfigurations = (
				C03E56AB244F4E240059E4B5 /* Debug */,
				C03E56AC244F4E240059E4B5 /* Release */,
			);
			defaultConfigurationIsVisible = 0;
			defaultConfigurationName = Release;
		};
/* End XCConfigurationList section */
	};
	rootObject = C03E568E244F4E210059E4B5 /* Project object */;
}
